
Microsoft Visual Studio Solution File, Format Version 12.00
# Visual Studio Version 17
VisualStudioVersion = 17.5.002.0
MinimumVisualStudioVersion = 10.0.40219.1
Project("{2150E333-8FDC-42A3-9474-1A3956D46DE8}") = "csharp-prep", "csharp-prep", "{B74D836F-88F9-4AA4-A360-EDB8324B1458}"
EndProject
Project("{9A19103F-16F7-4668-BE54-9A1E7A4F7556}") = "Prep1", "csharp-prep\Prep1\Prep1.csproj", "{09090D96-7FA0-4C5D-8604-D638BE1BD819}"
EndProject
Project("{9A19103F-16F7-4668-BE54-9A1E7A4F7556}") = "Prep2", "csharp-prep\Prep2\Prep2.csproj", "{E074EFEC-E57F-4F8A-A071-BEA50F565281}"
EndProject
Project("{9A19103F-16F7-4668-BE54-9A1E7A4F7556}") = "Prep3", "csharp-prep\Prep3\Prep3.csproj", "{1D88771F-124E-4620-AC0D-2CBC2DA8BDE5}"
EndProject
Project("{9A19103F-16F7-4668-BE54-9A1E7A4F7556}") = "Prep4", "csharp-prep\Prep4\Prep4.csproj", "{8597B8A9-C833-4302-A78E-C4C94C217120}"
EndProject
Project("{9A19103F-16F7-4668-BE54-9A1E7A4F7556}") = "Prep5", "csharp-prep\Prep5\Prep5.csproj", "{C91F8DE2-967C-4AE4-95BD-A8CFBD7DC488}"
EndProject
Project("{2150E333-8FDC-42A3-9474-1A3956D46DE8}") = "final", "final", "{27A81947-39C5-4BD0-9BE7-499D4A7FCA09}"
EndProject
Project("{9A19103F-16F7-4668-BE54-9A1E7A4F7556}") = "FinalProject", "final\FinalProject\FinalProject.csproj", "{1F3EA69F-EFF2-4746-AD52-33C8184A911C}"
EndProject
Project("{9A19103F-16F7-4668-BE54-9A1E7A4F7556}") = "Foundation1", "final\Foundation1\Foundation1.csproj", "{60AEEB44-9D2D-4B8A-A204-BF4409A20D42}"
EndProject
Project("{9A19103F-16F7-4668-BE54-9A1E7A4F7556}") = "Foundation2", "final\Foundation2\Foundation2.csproj", "{6E67D2C5-53AE-431D-BF42-3B6053A7D752}"
EndProject
Project("{9A19103F-16F7-4668-BE54-9A1E7A4F7556}") = "Foundation3", "final\Foundation3\Foundation3.csproj", "{4CDBD376-4019-459F-81A0-1CFC02748D11}"
EndProject
Project("{9A19103F-16F7-4668-BE54-9A1E7A4F7556}") = "Foundation4", "final\Foundation4\Foundation4.csproj", "{98751A34-E848-4FCA-BBB5-6F2BA40BC272}"
EndProject
Project("{2150E333-8FDC-42A3-9474-1A3956D46DE8}") = "prepare", "prepare", "{F043D92B-E1A7-439A-A3BB-828DACA53687}"
EndProject
Project("{9A19103F-16F7-4668-BE54-9A1E7A4F7556}") = "Learning02", "prepare\Learning02\Learning02.csproj", "{0DA50B0D-BDE5-40EB-BF65-9107FCC20DAC}"
EndProject
Project("{9A19103F-16F7-4668-BE54-9A1E7A4F7556}") = "Learning03", "prepare\Learning03\Learning03.csproj", "{68A1B6BB-8791-4C76-9AF1-941CCAFE9883}"
EndProject
Project("{9A19103F-16F7-4668-BE54-9A1E7A4F7556}") = "Learning04", "prepare\Learning04\Learning04.csproj", "{E10CCA1B-84DC-46F4-9A05-E33D7D434915}"
EndProject
Project("{9A19103F-16F7-4668-BE54-9A1E7A4F7556}") = "Learning05", "prepare\Learning05\Learning05.csproj", "{5F395FED-5B2A-4B09-8E8F-DE7EE10C0145}"
EndProject
Project("{2150E333-8FDC-42A3-9474-1A3956D46DE8}") = "prove", "prove", "{7E12A51C-7AAD-4057-9BCF-D3DC84CA8296}"
EndProject
Project("{9A19103F-16F7-4668-BE54-9A1E7A4F7556}") = "Develop02", "prove\Develop02\Develop02.csproj", "{F0CD5633-ED43-42A8-AB46-DC36BBD71FC7}"
EndProject
Project("{9A19103F-16F7-4668-BE54-9A1E7A4F7556}") = "Develop03", "prove\Develop03\Develop03.csproj", "{BB91B92A-C7A4-415A-B34E-EAFB6731A6CC}"
EndProject
Project("{9A19103F-16F7-4668-BE54-9A1E7A4F7556}") = "Develop04", "prove\Develop04\Develop04.csproj", "{A5DDE98B-3D80-4ADF-841C-C7C4073ED53B}"
EndProject
Project("{9A19103F-16F7-4668-BE54-9A1E7A4F7556}") = "Develop05", "prove\Develop05\Develop05.csproj", "{2872A366-4CAC-479D-A3AF-EC84E0BD6ADC}"
EndProject
Project("{2150E333-8FDC-42A3-9474-1A3956D46DE8}") = "sandbox", "sandbox", "{91F3982E-FB4E-43FC-AA2D-04824AC471B2}"
EndProject
Project("{9A19103F-16F7-4668-BE54-9A1E7A4F7556}") = "Sandbox", "sandbox\Sandbox\Sandbox.csproj", "{0D757874-95F7-4320-AEE1-B2FE03ECEB3C}"
EndProject
Global
	GlobalSection(SolutionConfigurationPlatforms) = preSolution
		Debug|Any CPU = Debug|Any CPU
		Release|Any CPU = Release|Any CPU
	EndGlobalSection
	GlobalSection(ProjectConfigurationPlatforms) = postSolution
		{09090D96-7FA0-4C5D-8604-D638BE1BD819}.Debug|Any CPU.ActiveCfg = Debug|Any CPU
		{09090D96-7FA0-4C5D-8604-D638BE1BD819}.Debug|Any CPU.Build.0 = Debug|Any CPU
		{09090D96-7FA0-4C5D-8604-D638BE1BD819}.Release|Any CPU.ActiveCfg = Release|Any CPU
		{09090D96-7FA0-4C5D-8604-D638BE1BD819}.Release|Any CPU.Build.0 = Release|Any CPU
		{E074EFEC-E57F-4F8A-A071-BEA50F565281}.Debug|Any CPU.ActiveCfg = Debug|Any CPU
		{E074EFEC-E57F-4F8A-A071-BEA50F565281}.Debug|Any CPU.Build.0 = Debug|Any CPU
		{E074EFEC-E57F-4F8A-A071-BEA50F565281}.Release|Any CPU.ActiveCfg = Release|Any CPU
		{E074EFEC-E57F-4F8A-A071-BEA50F565281}.Release|Any CPU.Build.0 = Release|Any CPU
		{1D88771F-124E-4620-AC0D-2CBC2DA8BDE5}.Debug|Any CPU.ActiveCfg = Debug|Any CPU
		{1D88771F-124E-4620-AC0D-2CBC2DA8BDE5}.Debug|Any CPU.Build.0 = Debug|Any CPU
		{1D88771F-124E-4620-AC0D-2CBC2DA8BDE5}.Release|Any CPU.ActiveCfg = Release|Any CPU
		{1D88771F-124E-4620-AC0D-2CBC2DA8BDE5}.Release|Any CPU.Build.0 = Release|Any CPU
		{8597B8A9-C833-4302-A78E-C4C94C217120}.Debug|Any CPU.ActiveCfg = Debug|Any CPU
		{8597B8A9-C833-4302-A78E-C4C94C217120}.Debug|Any CPU.Build.0 = Debug|Any CPU
		{8597B8A9-C833-4302-A78E-C4C94C217120}.Release|Any CPU.ActiveCfg = Release|Any CPU
		{8597B8A9-C833-4302-A78E-C4C94C217120}.Release|Any CPU.Build.0 = Release|Any CPU
		{C91F8DE2-967C-4AE4-95BD-A8CFBD7DC488}.Debug|Any CPU.ActiveCfg = Debug|Any CPU
		{C91F8DE2-967C-4AE4-95BD-A8CFBD7DC488}.Debug|Any CPU.Build.0 = Debug|Any CPU
		{C91F8DE2-967C-4AE4-95BD-A8CFBD7DC488}.Release|Any CPU.ActiveCfg = Release|Any CPU
		{C91F8DE2-967C-4AE4-95BD-A8CFBD7DC488}.Release|Any CPU.Build.0 = Release|Any CPU
		{1F3EA69F-EFF2-4746-AD52-33C8184A911C}.Debug|Any CPU.ActiveCfg = Debug|Any CPU
		{1F3EA69F-EFF2-4746-AD52-33C8184A911C}.Debug|Any CPU.Build.0 = Debug|Any CPU
		{1F3EA69F-EFF2-4746-AD52-33C8184A911C}.Release|Any CPU.ActiveCfg = Release|Any CPU
		{1F3EA69F-EFF2-4746-AD52-33C8184A911C}.Release|Any CPU.Build.0 = Release|Any CPU
		{60AEEB44-9D2D-4B8A-A204-BF4409A20D42}.Debug|Any CPU.ActiveCfg = Debug|Any CPU
		{60AEEB44-9D2D-4B8A-A204-BF4409A20D42}.Debug|Any CPU.Build.0 = Debug|Any CPU
		{60AEEB44-9D2D-4B8A-A204-BF4409A20D42}.Release|Any CPU.ActiveCfg = Release|Any CPU
		{60AEEB44-9D2D-4B8A-A204-BF4409A20D42}.Release|Any CPU.Build.0 = Release|Any CPU
		{6E67D2C5-53AE-431D-BF42-3B6053A7D752}.Debug|Any CPU.ActiveCfg = Debug|Any CPU
		{6E67D2C5-53AE-431D-BF42-3B6053A7D752}.Debug|Any CPU.Build.0 = Debug|Any CPU
		{6E67D2C5-53AE-431D-BF42-3B6053A7D752}.Release|Any CPU.ActiveCfg = Release|Any CPU
		{6E67D2C5-53AE-431D-BF42-3B6053A7D752}.Release|Any CPU.Build.0 = Release|Any CPU
		{4CDBD376-4019-459F-81A0-1CFC02748D11}.Debug|Any CPU.ActiveCfg = Debug|Any CPU
		{4CDBD376-4019-459F-81A0-1CFC02748D11}.Debug|Any CPU.Build.0 = Debug|Any CPU
		{4CDBD376-4019-459F-81A0-1CFC02748D11}.Release|Any CPU.ActiveCfg = Release|Any CPU
		{4CDBD376-4019-459F-81A0-1CFC02748D11}.Release|Any CPU.Build.0 = Release|Any CPU
		{98751A34-E848-4FCA-BBB5-6F2BA40BC272}.Debug|Any CPU.ActiveCfg = Debug|Any CPU
		{98751A34-E848-4FCA-BBB5-6F2BA40BC272}.Debug|Any CPU.Build.0 = Debug|Any CPU
		{98751A34-E848-4FCA-BBB5-6F2BA40BC272}.Release|Any CPU.ActiveCfg = Release|Any CPU
		{98751A34-E848-4FCA-BBB5-6F2BA40BC272}.Release|Any CPU.Build.0 = Release|Any CPU
		{0DA50B0D-BDE5-40EB-BF65-9107FCC20DAC}.Debug|Any CPU.ActiveCfg = Debug|Any CPU
		{0DA50B0D-BDE5-40EB-BF65-9107FCC20DAC}.Debug|Any CPU.Build.0 = Debug|Any CPU
		{0DA50B0D-BDE5-40EB-BF65-9107FCC20DAC}.Release|Any CPU.ActiveCfg = Release|Any CPU
		{0DA50B0D-BDE5-40EB-BF65-9107FCC20DAC}.Release|Any CPU.Build.0 = Release|Any CPU
		{68A1B6BB-8791-4C76-9AF1-941CCAFE9883}.Debug|Any CPU.ActiveCfg = Debug|Any CPU
		{68A1B6BB-8791-4C76-9AF1-941CCAFE9883}.Debug|Any CPU.Build.0 = Debug|Any CPU
		{68A1B6BB-8791-4C76-9AF1-941CCAFE9883}.Release|Any CPU.ActiveCfg = Release|Any CPU
		{68A1B6BB-8791-4C76-9AF1-941CCAFE9883}.Release|Any CPU.Build.0 = Release|Any CPU
		{E10CCA1B-84DC-46F4-9A05-E33D7D434915}.Debug|Any CPU.ActiveCfg = Debug|Any CPU
		{E10CCA1B-84DC-46F4-9A05-E33D7D434915}.Debug|Any CPU.Build.0 = Debug|Any CPU
		{E10CCA1B-84DC-46F4-9A05-E33D7D434915}.Release|Any CPU.ActiveCfg = Release|Any CPU
		{E10CCA1B-84DC-46F4-9A05-E33D7D434915}.Release|Any CPU.Build.0 = Release|Any CPU
		{5F395FED-5B2A-4B09-8E8F-DE7EE10C0145}.Debug|Any CPU.ActiveCfg = Debug|Any CPU
		{5F395FED-5B2A-4B09-8E8F-DE7EE10C0145}.Debug|Any CPU.Build.0 = Debug|Any CPU
		{5F395FED-5B2A-4B09-8E8F-DE7EE10C0145}.Release|Any CPU.ActiveCfg = Release|Any CPU
		{5F395FED-5B2A-4B09-8E8F-DE7EE10C0145}.Release|Any CPU.Build.0 = Release|Any CPU
		{F0CD5633-ED43-42A8-AB46-DC36BBD71FC7}.Debug|Any CPU.ActiveCfg = Debug|Any CPU
		{F0CD5633-ED43-42A8-AB46-DC36BBD71FC7}.Debug|Any CPU.Build.0 = Debug|Any CPU
		{F0CD5633-ED43-42A8-AB46-DC36BBD71FC7}.Release|Any CPU.ActiveCfg = Release|Any CPU
		{F0CD5633-ED43-42A8-AB46-DC36BBD71FC7}.Release|Any CPU.Build.0 = Release|Any CPU
		{BB91B92A-C7A4-415A-B34E-EAFB6731A6CC}.Debug|Any CPU.ActiveCfg = Debug|Any CPU
		{BB91B92A-C7A4-415A-B34E-EAFB6731A6CC}.Debug|Any CPU.Build.0 = Debug|Any CPU
		{BB91B92A-C7A4-415A-B34E-EAFB6731A6CC}.Release|Any CPU.ActiveCfg = Release|Any CPU
		{BB91B92A-C7A4-415A-B34E-EAFB6731A6CC}.Release|Any CPU.Build.0 = Release|Any CPU
		{A5DDE98B-3D80-4ADF-841C-C7C4073ED53B}.Debug|Any CPU.ActiveCfg = Debug|Any CPU
		{A5DDE98B-3D80-4ADF-841C-C7C4073ED53B}.Debug|Any CPU.Build.0 = Debug|Any CPU
		{A5DDE98B-3D80-4ADF-841C-C7C4073ED53B}.Release|Any CPU.ActiveCfg = Release|Any CPU
		{A5DDE98B-3D80-4ADF-841C-C7C4073ED53B}.Release|Any CPU.Build.0 = Release|Any CPU
		{2872A366-4CAC-479D-A3AF-EC84E0BD6ADC}.Debug|Any CPU.ActiveCfg = Debug|Any CPU
		{2872A366-4CAC-479D-A3AF-EC84E0BD6ADC}.Debug|Any CPU.Build.0 = Debug|Any CPU
		{2872A366-4CAC-479D-A3AF-EC84E0BD6ADC}.Release|Any CPU.ActiveCfg = Release|Any CPU
		{2872A366-4CAC-479D-A3AF-EC84E0BD6ADC}.Release|Any CPU.Build.0 = Release|Any CPU
		{0D757874-95F7-4320-AEE1-B2FE03ECEB3C}.Debug|Any CPU.ActiveCfg = Debug|Any CPU
		{0D757874-95F7-4320-AEE1-B2FE03ECEB3C}.Debug|Any CPU.Build.0 = Debug|Any CPU
		{0D757874-95F7-4320-AEE1-B2FE03ECEB3C}.Release|Any CPU.ActiveCfg = Release|Any CPU
		{0D757874-95F7-4320-AEE1-B2FE03ECEB3C}.Release|Any CPU.Build.0 = Release|Any CPU
	EndGlobalSection
	GlobalSection(SolutionProperties) = preSolution
		HideSolutionNode = FALSE
	EndGlobalSection
	GlobalSection(NestedProjects) = preSolution
		{09090D96-7FA0-4C5D-8604-D638BE1BD819} = {B74D836F-88F9-4AA4-A360-EDB8324B1458}
		{E074EFEC-E57F-4F8A-A071-BEA50F565281} = {B74D836F-88F9-4AA4-A360-EDB8324B1458}
		{1D88771F-124E-4620-AC0D-2CBC2DA8BDE5} = {B74D836F-88F9-4AA4-A360-EDB8324B1458}
		{8597B8A9-C833-4302-A78E-C4C94C217120} = {B74D836F-88F9-4AA4-A360-EDB8324B1458}
		{C91F8DE2-967C-4AE4-95BD-A8CFBD7DC488} = {B74D836F-88F9-4AA4-A360-EDB8324B1458}
		{1F3EA69F-EFF2-4746-AD52-33C8184A911C} = {27A81947-39C5-4BD0-9BE7-499D4A7FCA09}
		{60AEEB44-9D2D-4B8A-A204-BF4409A20D42} = {27A81947-39C5-4BD0-9BE7-499D4A7FCA09}
		{6E67D2C5-53AE-431D-BF42-3B6053A7D752} = {27A81947-39C5-4BD0-9BE7-499D4A7FCA09}
		{4CDBD376-4019-459F-81A0-1CFC02748D11} = {27A81947-39C5-4BD0-9BE7-499D4A7FCA09}
		{98751A34-E848-4FCA-BBB5-6F2BA40BC272} = {27A81947-39C5-4BD0-9BE7-499D4A7FCA09}
		{0DA50B0D-BDE5-40EB-BF65-9107FCC20DAC} = {F043D92B-E1A7-439A-A3BB-828DACA53687}
		{68A1B6BB-8791-4C76-9AF1-941CCAFE9883} = {F043D92B-E1A7-439A-A3BB-828DACA53687}
		{E10CCA1B-84DC-46F4-9A05-E33D7D434915} = {F043D92B-E1A7-439A-A3BB-828DACA53687}
		{5F395FED-5B2A-4B09-8E8F-DE7EE10C0145} = {F043D92B-E1A7-439A-A3BB-828DACA53687}
		{F0CD5633-ED43-42A8-AB46-DC36BBD71FC7} = {7E12A51C-7AAD-4057-9BCF-D3DC84CA8296}
		{BB91B92A-C7A4-415A-B34E-EAFB6731A6CC} = {7E12A51C-7AAD-4057-9BCF-D3DC84CA8296}
		{A5DDE98B-3D80-4ADF-841C-C7C4073ED53B} = {7E12A51C-7AAD-4057-9BCF-D3DC84CA8296}
		{2872A366-4CAC-479D-A3AF-EC84E0BD6ADC} = {7E12A51C-7AAD-4057-9BCF-D3DC84CA8296}
		{0D757874-95F7-4320-AEE1-B2FE03ECEB3C} = {91F3982E-FB4E-43FC-AA2D-04824AC471B2}
	EndGlobalSection
	GlobalSection(ExtensibilityGlobals) = postSolution
		SolutionGuid = {B541ECBA-CC05-47BD-B393-0E4080447C0D}
	EndGlobalSection
EndGlobal
